
Microsoft Visual Studio Solution File, Format Version 10.00
# Visual Studio 2008
Project("{8BC9CEB8-8B4A-11D0-8D11-00A0C91BC942}") = "RANSAC_EllipseFitting", "RANSAC_EllipseFitting.vcproj", "{0A189D83-F0F6-4A27-AB16-8AC82FD39E65}"
EndProject
Global
	GlobalSection(SolutionConfigurationPlatforms) = preSolution
		Debug|Win32 = Debug|Win32
		Release|Win32 = Release|Win32
	EndGlobalSection
	GlobalSection(ProjectConfigurationPlatforms) = postSolution
		{0A189D83-F0F6-4A27-AB16-8AC82FD39E65}.Debug|Win32.ActiveCfg = Debug|Win32
		{0A189D83-F0F6-4A27-AB16-8AC82FD39E65}.Debug|Win32.Build.0 = Debug|Win32
		{0A189D83-F0F6-4A27-AB16-8AC82FD39E65}.Release|Win32.ActiveCfg = Release|Win32
		{0A189D83-F0F6-4A27-AB16-8AC82FD39E65}.Release|Win32.Build.0 = Release|Win32
	EndGlobalSection
	GlobalSection(SolutionProperties) = preSolution
		HideSolutionNode = FALSE
	EndGlobalSection
EndGlobal
